
Microsoft Visual Studio Solution File, Format Version 12.00
# Visual Studio Version 16
VisualStudioVersion = 16.0.30907.101
MinimumVisualStudioVersion = 10.0.40219.1
Project("{FAE04EC0-301F-11D3-BF4B-00C04F79EFBC}") = "MyGame", "MyGame\MyGame.csproj", "{7408B2B4-AD6D-45BF-AE9A-5BDCF191EFE3}"
EndProject
Global
	GlobalSection(SolutionConfigurationPlatforms) = preSolution
		Debug|Any CPU = Debug|Any CPU
		Release|Any CPU = Release|Any CPU
	EndGlobalSection
	GlobalSection(ProjectConfigurationPlatforms) = postSolution
		{7408B2B4-AD6D-45BF-AE9A-5BDCF191EFE3}.Debug|Any CPU.ActiveCfg = Debug|Any CPU
		{7408B2B4-AD6D-45BF-AE9A-5BDCF191EFE3}.Debug|Any CPU.Build.0 = Debug|Any CPU
		{7408B2B4-AD6D-45BF-AE9A-5BDCF191EFE3}.Release|Any CPU.ActiveCfg = Release|Any CPU
		{7408B2B4-AD6D-45BF-AE9A-5BDCF191EFE3}.Release|Any CPU.Build.0 = Release|Any CPU
	EndGlobalSection
	GlobalSection(SolutionProperties) = preSolution
		HideSolutionNode = FALSE
	EndGlobalSection
	GlobalSection(ExtensibilityGlobals) = postSolution
		SolutionGuid = {6FB3F0B7-B40B-49E3-8D31-03BEED50AEF4}
	EndGlobalSection
EndGlobal
